
Microsoft Visual Studio Solution File, Format Version 12.00
# Visual Studio Version 17
VisualStudioVersion = 17.4.33205.214
MinimumVisualStudioVersion = 10.0.40219.1
Project("{FAE04EC0-301F-11D3-BF4B-00C04F79EFBC}") = "LINQLeftJoin", "LINQLeftJoin.csproj", "{B5EE6975-8B7F-4C8E-A9E8-8347FF23486A}"
EndProject
Global
	GlobalSection(SolutionConfigurationPlatforms) = preSolution
		Debug|Any CPU = Debug|Any CPU
		Release|Any CPU = Release|Any CPU
	EndGlobalSection
	GlobalSection(ProjectConfigurationPlatforms) = postSolution
		{B5EE6975-8B7F-4C8E-A9E8-8347FF23486A}.Debug|Any CPU.ActiveCfg = Debug|Any CPU
		{B5EE6975-8B7F-4C8E-A9E8-8347FF23486A}.Debug|Any CPU.Build.0 = Debug|Any CPU
		{B5EE6975-8B7F-4C8E-A9E8-8347FF23486A}.Release|Any CPU.ActiveCfg = Release|Any CPU
		{B5EE6975-8B7F-4C8E-A9E8-8347FF23486A}.Release|Any CPU.Build.0 = Release|Any CPU
	EndGlobalSection
	GlobalSection(SolutionProperties) = preSolution
		HideSolutionNode = FALSE
	EndGlobalSection
	GlobalSection(ExtensibilityGlobals) = postSolution
		SolutionGuid = {8A946684-D9D6-4436-8134-D33F7A60F751}
	EndGlobalSection
EndGlobal
